
Microsoft Visual Studio Solution File, Format Version 12.00
# Visual Studio Version 17
VisualStudioVersion = 17.14.36408.4
MinimumVisualStudioVersion = 10.0.40219.1
Project("{2150E333-8FDC-42A3-9474-1A3956D46DE8}") = "src", "src", "{02EA681E-C7D8-13C7-8484-4AC65E1B71E8}"
EndProject
Project("{FAE04EC0-301F-11D3-BF4B-00C04F79EFBC}") = "PokerRangeExplorer.App", "src\PokerRangeExplorer.App\PokerRangeExplorer.App.csproj", "{88119D35-7427-4B79-BEBB-733A71C37EED}"
EndProject
Global
	GlobalSection(SolutionConfigurationPlatforms) = preSolution
		Debug|Any CPU = Debug|Any CPU
		Release|Any CPU = Release|Any CPU
	EndGlobalSection
	GlobalSection(ProjectConfigurationPlatforms) = postSolution
		{88119D35-7427-4B79-BEBB-733A71C37EED}.Debug|Any CPU.ActiveCfg = Debug|Any CPU
		{88119D35-7427-4B79-BEBB-733A71C37EED}.Debug|Any CPU.Build.0 = Debug|Any CPU
		{88119D35-7427-4B79-BEBB-733A71C37EED}.Release|Any CPU.ActiveCfg = Release|Any CPU
		{88119D35-7427-4B79-BEBB-733A71C37EED}.Release|Any CPU.Build.0 = Release|Any CPU
	EndGlobalSection
	GlobalSection(SolutionProperties) = preSolution
		HideSolutionNode = FALSE
	EndGlobalSection
	GlobalSection(NestedProjects) = preSolution
		{88119D35-7427-4B79-BEBB-733A71C37EED} = {02EA681E-C7D8-13C7-8484-4AC65E1B71E8}
	EndGlobalSection
	GlobalSection(ExtensibilityGlobals) = postSolution
		SolutionGuid = {B4796BF7-4694-42CA-BC3B-80F7215222EA}
	EndGlobalSection
EndGlobal
